// !$*UTF8*$!
{
	archiveVersion = 1;
	classes = {
	};
	objectVersion = 50;
	objects = {

/* Begin PBXBuildFile section */
		AF911735286CEBAF00B4DFFB /* FaceEmojiField.framework in Frameworks */ = {isa = PBXBuildFile; fileRef = AF911734286CEBAF00B4DFFB /* FaceEmojiField.framework */; };
		AF911736286CEBAF00B4DFFB /* FaceEmojiField.framework in Embed Frameworks */ = {isa = PBXBuildFile; fileRef = AF911734286CEBAF00B4DFFB /* FaceEmojiField.framework */; settings = {ATTRIBUTES = (CodeSignOnCopy, RemoveHeadersOnCopy, ); }; };
		AFCEE9D7286C3E0000BE0286 /* AppDelegate.swift in Sources */ = {isa = PBXBuildFile; fileRef = AFCEE9D6286C3E0000BE0286 /* AppDelegate.swift */; };
		AFCEE9D9286C3E0000BE0286 /* SceneDelegate.swift in Sources */ = {isa = PBXBuildFile; fileRef = AFCEE9D8286C3E0000BE0286 /* SceneDelegate.swift */; };
		AFCEE9DB286C3E0000BE0286 /* ViewController.swift in Sources */ = {isa = PBXBuildFile; fileRef = AFCEE9DA286C3E0000BE0286 /* ViewController.swift */; };
		AFCEE9DE286C3E0000BE0286 /* Main.storyboard in Resources */ = {isa = PBXBuildFile; fileRef = AFCEE9DC286C3E0000BE0286 /* Main.storyboard */; };
		AFCEE9E0286C3E0300BE0286 /* Assets.xcassets in Resources */ = {isa = PBXBuildFile; fileRef = AFCEE9DF286C3E0300BE0286 /* Assets.xcassets */; };
		AFCEE9E3286C3E0300BE0286 /* LaunchScreen.storyboard in Resources */ = {isa = PBXBuildFile; fileRef = AFCEE9E1286C3E0300BE0286 /* LaunchScreen.storyboard */; };
/* End PBXBuildFile section */

/* Begin PBXCopyFilesBuildPhase section */
		AF911737286CEBAF00B4DFFB /* Embed Frameworks */ = {
			isa = PBXCopyFilesBuildPhase;
			buildActionMask = 2147483647;
			dstPath = "";
			dstSubfolderSpec = 10;
			files = (
				AF911736286CEBAF00B4DFFB /* FaceEmojiField.framework in Embed Frameworks */,
			);
			name = "Embed Frameworks";
			runOnlyForDeploymentPostprocessing = 0;
		};
/* End PBXCopyFilesBuildPhase section */

/* Begin PBXFileReference section */
		AF911734286CEBAF00B4DFFB /* FaceEmojiField.framework */ = {isa = PBXFileReference; explicitFileType = wrapper.framework; path = FaceEmojiField.framework; sourceTree = BUILT_PRODUCTS_DIR; };
		AFCEE9D3286C3E0000BE0286 /* FaceEmoji.app */ = {isa = PBXFileReference; explicitFileType = wrapper.application; includeInIndex = 0; path = FaceEmoji.app; sourceTree = BUILT_PRODUCTS_DIR; };
		AFCEE9D6286C3E0000BE0286 /* AppDelegate.swift */ = {isa = PBXFileReference; lastKnownFileType = sourcecode.swift; path = AppDelegate.swift; sourceTree = "<group>"; };
		AFCEE9D8286C3E0000BE0286 /* SceneDelegate.swift */ = {isa = PBXFileReference; lastKnownFileType = sourcecode.swift; path = SceneDelegate.swift; sourceTree = "<group>"; };
		AFCEE9DA286C3E0000BE0286 /* ViewController.swift */ = {isa = PBXFileReference; lastKnownFileType = sourcecode.swift; path = ViewController.swift; sourceTree = "<group>"; };
		AFCEE9DD286C3E0000BE0286 /* Base */ = {isa = PBXFileReference; lastKnownFileType = file.storyboard; name = Base; path = Base.lproj/Main.storyboard; sourceTree = "<group>"; };
		AFCEE9DF286C3E0300BE0286 /* Assets.xcassets */ = {isa = PBXFileReference; lastKnownFileType = folder.assetcatalog; path = Assets.xcassets; sourceTree = "<group>"; };
		AFCEE9E2286C3E0300BE0286 /* Base */ = {isa = PBXFileReference; lastKnownFileType = file.storyboard; name = Base; path = Base.lproj/LaunchScreen.storyboard; sourceTree = "<group>"; };
		AFCEE9E4286C3E0300BE0286 /* Info.plist */ = {isa = PBXFileReference; lastKnownFileType = text.plist.xml; path = Info.plist; sourceTree = "<group>"; };
/* End PBXFileReference section */

/* Begin PBXFrameworksBuildPhase section */
		AFCEE9D0286C3E0000BE0286 /* Frameworks */ = {
			isa = PBXFrameworksBuildPhase;
			buildActionMask = 2147483647;
			files = (
				AF911735286CEBAF00B4DFFB /* FaceEmojiField.framework in Frameworks */,
			);
			runOnlyForDeploymentPostprocessing = 0;
		};
/* End PBXFrameworksBuildPhase section */

/* Begin PBXGroup section */
		AF911733286CEBAF00B4DFFB /* Frameworks */ = {
			isa = PBXGroup;
			children = (
				AF911734286CEBAF00B4DFFB /* FaceEmojiField.framework */,
			);
			name = Frameworks;
			sourceTree = "<group>";
		};
		AFCEE9CA286C3DFF00BE0286 = {
			isa = PBXGroup;
			children = (
				AFCEE9D5286C3E0000BE0286 /* FaceEmoji */,
				AFCEE9D4286C3E0000BE0286 /* Products */,
				AF911733286CEBAF00B4DFFB /* Frameworks */,
			);
			sourceTree = "<group>";
		};
		AFCEE9D4286C3E0000BE0286 /* Products */ = {
			isa = PBXGroup;
			children = (
				AFCEE9D3286C3E0000BE0286 /* FaceEmoji.app */,
			);
			name = Products;
			sourceTree = "<group>";
		};
		AFCEE9D5286C3E0000BE0286 /* FaceEmoji */ = {
			isa = PBXGroup;
			children = (
				AFCEE9D6286C3E0000BE0286 /* AppDelegate.swift */,
				AFCEE9D8286C3E0000BE0286 /* SceneDelegate.swift */,
				AFCEE9DA286C3E0000BE0286 /* ViewController.swift */,
				AFCEE9DC286C3E0000BE0286 /* Main.storyboard */,
				AFCEE9DF286C3E0300BE0286 /* Assets.xcassets */,
				AFCEE9E1286C3E0300BE0286 /* LaunchScreen.storyboard */,
				AFCEE9E4286C3E0300BE0286 /* Info.plist */,
			);
			path = FaceEmoji;
			sourceTree = "<group>";
		};
/* End PBXGroup section */

/* Begin PBXNativeTarget section */
		AFCEE9D2286C3E0000BE0286 /* FaceEmoji */ = {
			isa = PBXNativeTarget;
			buildConfigurationList = AFCEE9E7286C3E0300BE0286 /* Build configuration list for PBXNativeTarget "FaceEmoji" */;
			buildPhases = (
				AFCEE9CF286C3E0000BE0286 /* Sources */,
				AFCEE9D0286C3E0000BE0286 /* Frameworks */,
				AFCEE9D1286C3E0000BE0286 /* Resources */,
				AF911737286CEBAF00B4DFFB /* Embed Frameworks */,
			);
			buildRules = (
			);
			dependencies = (
			);
			name = FaceEmoji;
			productName = FaceEmoji;
			productReference = AFCEE9D3286C3E0000BE0286 /* FaceEmoji.app */;
			productType = "com.apple.product-type.application";
		};
/* End PBXNativeTarget section */

/* Begin PBXProject section */
		AFCEE9CB286C3DFF00BE0286 /* Project object */ = {
			isa = PBXProject;
			attributes = {
				LastSwiftUpdateCheck = 1250;
				LastUpgradeCheck = 1250;
				TargetAttributes = {
					AFCEE9D2286C3E0000BE0286 = {
						CreatedOnToolsVersion = 12.5.1;
					};
				};
			};
			buildConfigurationList = AFCEE9CE286C3DFF00BE0286 /* Build configuration list for PBXProject "FaceEmoji" */;
			compatibilityVersion = "Xcode 9.3";
			developmentRegion = en;
			hasScannedForEncodings = 0;
			knownRegions = (
				en,
				Base,
			);
			mainGroup = AFCEE9CA286C3DFF00BE0286;
			productRefGroup = AFCEE9D4286C3E0000BE0286 /* Products */;
			projectDirPath = "";
			projectRoot = "";
			targets = (
				AFCEE9D2286C3E0000BE0286 /* FaceEmoji */,
			);
		};
/* End PBXProject section */

/* Begin PBXResourcesBuildPhase section */
		AFCEE9D1286C3E0000BE0286 /* Resources */ = {
			isa = PBXResourcesBuildPhase;
			buildActionMask = 2147483647;
			files = (
				AFCEE9E3286C3E0300BE0286 /* LaunchScreen.storyboard in Resources */,
				AFCEE9E0286C3E0300BE0286 /* Assets.xcassets in Resources */,
				AFCEE9DE286C3E0000BE0286 /* Main.storyboard in Resources */,
			);
			runOnlyForDeploymentPostprocessing = 0;
		};
/* End PBXResourcesBuildPhase section */

/* Begin PBXSourcesBuildPhase section */
		AFCEE9CF286C3E0000BE0286 /* Sources */ = {
			isa = PBXSourcesBuildPhase;
			buildActionMask = 2147483647;
			files = (
				AFCEE9DB286C3E0000BE0286 /* ViewController.swift in Sources */,
				AFCEE9D7286C3E0000BE0286 /* AppDelegate.swift in Sources */,
				AFCEE9D9286C3E0000BE0286 /* SceneDelegate.swift in Sources */,
			);
			runOnlyForDeploymentPostprocessing = 0;
		};
/* End PBXSourcesBuildPhase section */

/* Begin PBXVariantGroup section */
		AFCEE9DC286C3E0000BE0286 /* Main.storyboard */ = {
			isa = PBXVariantGroup;
			children = (
				AFCEE9DD286C3E0000BE0286 /* Base */,
			);
			name = Main.storyboard;
			sourceTree = "<group>";
		};
		AFCEE9E1286C3E0300BE0286 /* LaunchScreen.storyboard */ = {
			isa = PBXVariantGroup;
			children = (
				AFCEE9E2286C3E0300BE0286 /* Base */,
			);
			name = LaunchScreen.storyboard;
			sourceTree = "<group>";
		};
/* End PBXVariantGroup section */

/* Begin XCBuildConfiguration section */
		AFCEE9E5286C3E0300BE0286 /* Debug */ = {
			isa = XCBuildConfiguration;
			buildSettings = {
				ALWAYS_SEARCH_USER_PATHS = NO;
				CLANG_ANALYZER_NONNULL = YES;
				CLANG_ANALYZER_NUMBER_OBJECT_CONVERSION = YES_AGGRESSIVE;
				CLANG_CXX_LANGUAGE_STANDARD = "gnu++14";
				CLANG_CXX_LIBRARY = "libc++";
				CLANG_ENABLE_MODULES = YES;
				CLANG_ENABLE_OBJC_ARC = YES;
				CLANG_ENABLE_OBJC_WEAK = YES;
				CLANG_WARN_BLOCK_CAPTURE_AUTORELEASING = YES;
				CLANG_WARN_BOOL_CONVERSION = YES;
				CLANG_WARN_COMMA = YES;
				CLANG_WARN_CONSTANT_CONVERSION = YES;
				CLANG_WARN_DEPRECATED_OBJC_IMPLEMENTATIONS = YES;
				CLANG_WARN_DIRECT_OBJC_ISA_USAGE = YES_ERROR;
				CLANG_WARN_DOCUMENTATION_COMMENTS = YES;
				CLANG_WARN_EMPTY_BODY = YES;
				CLANG_WARN_ENUM_CONVERSION = YES;
				CLANG_WARN_INFINITE_RECURSION = YES;
				CLANG_WARN_INT_CONVERSION = YES;
				CLANG_WARN_NON_LITERAL_NULL_CONVERSION = YES;
				CLANG_WARN_OBJC_IMPLICIT_RETAIN_SELF = YES;
				CLANG_WARN_OBJC_LITERAL_CONVERSION = YES;
				CLANG_WARN_OBJC_ROOT_CLASS = YES_ERROR;
				CLANG_WARN_QUOTED_INCLUDE_IN_FRAMEWORK_HEADER = YES;
				CLANG_WARN_RANGE_LOOP_ANALYSIS = YES;
				CLANG_WARN_STRICT_PROTOTYPES = YES;
				CLANG_WARN_SUSPICIOUS_MOVE = YES;
				CLANG_WARN_UNGUARDED_AVAILABILITY = YES_AGGRESSIVE;
				CLANG_WARN_UNREACHABLE_CODE = YES;
				CLANG_WARN__DUPLICATE_METHOD_MATCH = YES;
				COPY_PHASE_STRIP = NO;
				DEBUG_INFORMATION_FORMAT = dwarf;
				ENABLE_STRICT_OBJC_MSGSEND = YES;
				ENABLE_TESTABILITY = YES;
				GCC_C_LANGUAGE_STANDARD = gnu11;
				GCC_DYNAMIC_NO_PIC = NO;
				GCC_NO_COMMON_BLOCKS = YES;
				GCC_OPTIMIZATION_LEVEL = 0;
				GCC_PREPROCESSOR_DEFINITIONS = (
					"DEBUG=1",
					"$(inherited)",
				);
				GCC_WARN_64_TO_32_BIT_CONVERSION = YES;
				GCC_WARN_ABOUT_RETURN_TYPE = YES_ERROR;
				GCC_WARN_UNDECLARED_SELECTOR = YES;
				GCC_WARN_UNINITIALIZED_AUTOS = YES_AGGRESSIVE;
				GCC_WARN_UNUSED_FUNCTION = YES;
				GCC_WARN_UNUSED_VARIABLE = YES;
				IPHONEOS_DEPLOYMENT_TARGET = 14.5;
				MTL_ENABLE_DEBUG_INFO = INCLUDE_SOURCE;
				MTL_FAST_MATH = YES;
				ONLY_ACTIVE_ARCH = YES;
				SDKROOT = iphoneos;
				SWIFT_ACTIVE_COMPILATION_CONDITIONS = DEBUG;
				SWIFT_OPTIMIZATION_LEVEL = "-Onone";
			};
			name = Debug;
		};
		AFCEE9E6286C3E0300BE0286 /* Release */ = {
			isa = XCBuildConfiguration;
			buildSettings = {
				ALWAYS_SEARCH_USER_PATHS = NO;
				CLANG_ANALYZER_NONNULL = YES;
				CLANG_ANALYZER_NUMBER_OBJECT_CONVERSION = YES_AGGRESSIVE;
				CLANG_CXX_LANGUAGE_STANDARD = "gnu++14";
				CLANG_CXX_LIBRARY = "libc++";
				CLANG_ENABLE_MODULES = YES;
				CLANG_ENABLE_OBJC_ARC = YES;
				CLANG_ENABLE_OBJC_WEAK = YES;
				CLANG_WARN_BLOCK_CAPTURE_AUTORELEASING = YES;
				CLANG_WARN_BOOL_CONVERSION = YES;
				CLANG_WARN_COMMA = YES;
				CLANG_WARN_CONSTANT_CONVERSION = YES;
				CLANG_WARN_DEPRECATED_OBJC_IMPLEMENTATIONS = YES;
				CLANG_WARN_DIRECT_OBJC_ISA_USAGE = YES_ERROR;
				CLANG_WARN_DOCUMENTATION_COMMENTS = YES;
				CLANG_WARN_EMPTY_BODY = YES;
				CLANG_WARN_ENUM_CONVERSION = YES;
				CLANG_WARN_INFINITE_RECURSION = YES;
				CLANG_WARN_INT_CONVERSION = YES;
				CLANG_WARN_NON_LITERAL_NULL_CONVERSION = YES;
				CLANG_WARN_OBJC_IMPLICIT_RETAIN_SELF = YES;
				CLANG_WARN_OBJC_LITERAL_CONVERSION = YES;
				CLANG_WARN_OBJC_ROOT_CLASS = YES_ERROR;
				CLANG_WARN_QUOTED_INCLUDE_IN_FRAMEWORK_HEADER = YES;
				CLANG_WARN_RANGE_LOOP_ANALYSIS = YES;
				CLANG_WARN_STRICT_PROTOTYPES = YES;
				CLANG_WARN_SUSPICIOUS_MOVE = YES;
				CLANG_WARN_UNGUARDED_AVAILABILITY = YES_AGGRESSIVE;
				CLANG_WARN_UNREACHABLE_CODE = YES;
				CLANG_WARN__DUPLICATE_METHOD_MATCH = YES;
				COPY_PHASE_STRIP = NO;
				DEBUG_INFORMATION_FORMAT = "dwarf-with-dsym";
				ENABLE_NS_ASSERTIONS = NO;
				ENABLE_STRICT_OBJC_MSGSEND = YES;
				GCC_C_LANGUAGE_STANDARD = gnu11;
				GCC_NO_COMMON_BLOCKS = YES;
				GCC_WARN_64_TO_32_BIT_CONVERSION = YES;
				GCC_WARN_ABOUT_RETURN_TYPE = YES_ERROR;
				GCC_WARN_UNDECLARED_SELECTOR = YES;
				GCC_WARN_UNINITIALIZED_AUTOS = YES_AGGRESSIVE;
				GCC_WARN_UNUSED_FUNCTION = YES;
				GCC_WARN_UNUSED_VARIABLE = YES;
				IPHONEOS_DEPLOYMENT_TARGET = 14.5;
				MTL_ENABLE_DEBUG_INFO = NO;
				MTL_FAST_MATH = YES;
				SDKROOT = iphoneos;
				SWIFT_COMPILATION_MODE = wholemodule;
				SWIFT_OPTIMIZATION_LEVEL = "-O";
				VALIDATE_PRODUCT = YES;
			};
			name = Release;
		};
		AFCEE9E8286C3E0300BE0286 /* Debug */ = {
			isa = XCBuildConfiguration;
			buildSettings = {
				ASSETCATALOG_COMPILER_APPICON_NAME = AppIcon;
				ASSETCATALOG_COMPILER_GLOBAL_ACCENT_COLOR_NAME = AccentColor;
				CODE_SIGN_STYLE = Automatic;
				DEVELOPMENT_TEAM = VNU8KKW4GG;
				INFOPLIST_FILE = FaceEmoji/Info.plist;
				LD_RUNPATH_SEARCH_PATHS = (
					"$(inherited)",
					"@executable_path/Frameworks",
				);
				PRODUCT_BUNDLE_IDENTIFIER = ua.edu.ukma.maister.FaceEmoji;
				PRODUCT_NAME = "$(TARGET_NAME)";
				SWIFT_VERSION = 5.0;
				TARGETED_DEVICE_FAMILY = "1,2";
			};
			name = Debug;
		};
		AFCEE9E9286C3E0300BE0286 /* Release */ = {
			isa = XCBuildConfiguration;
			buildSettings = {
				ASSETCATALOG_COMPILER_APPICON_NAME = AppIcon;
				ASSETCATALOG_COMPILER_GLOBAL_ACCENT_COLOR_NAME = AccentColor;
				CODE_SIGN_STYLE = Automatic;
				DEVELOPMENT_TEAM = VNU8KKW4GG;
				INFOPLIST_FILE = FaceEmoji/Info.plist;
				LD_RUNPATH_SEARCH_PATHS = (
					"$(inherited)",
					"@executable_path/Frameworks",
				);
				PRODUCT_BUNDLE_IDENTIFIER = ua.edu.ukma.maister.FaceEmoji;
				PRODUCT_NAME = "$(TARGET_NAME)";
				SWIFT_VERSION = 5.0;
				TARGETED_DEVICE_FAMILY = "1,2";
			};
			name = Release;
		};
/* End XCBuildConfiguration section */

/* Begin XCConfigurationList section */
		AFCEE9CE286C3DFF00BE0286 /* Build configuration list for PBXProject "FaceEmoji" */ = {
			isa = XCConfigurationList;
			buildConfigurations = (
				AFCEE9E5286C3E0300BE0286 /* Debug */,
				AFCEE9E6286C3E0300BE0286 /* Release */,
			);
			defaultConfigurationIsVisible = 0;
			defaultConfigurationName = Release;
		};
		AFCEE9E7286C3E0300BE0286 /* Build configuration list for PBXNativeTarget "FaceEmoji" */ = {
			isa = XCConfigurationList;
			buildConfigurations = (
				AFCEE9E8286C3E0300BE0286 /* Debug */,
				AFCEE9E9286C3E0300BE0286 /* Release */,
			);
			defaultConfigurationIsVisible = 0;
			defaultConfigurationName = Release;
		};
/* End XCConfigurationList section */
	};
	rootObject = AFCEE9CB286C3DFF00BE0286 /* Project object */;
}
